
Microsoft Visual Studio Solution File, Format Version 12.00
# Visual Studio Version 17
VisualStudioVersion = 17.7.34202.233
MinimumVisualStudioVersion = 10.0.40219.1
Project("{9A19103F-16F7-4668-BE54-9A1E7A4F7556}") = "PROJECT", "..\..\..\OneDrive\Desktop\Dent\PROJECT\PROJECT.csproj", "{2C2940AF-C095-4994-A0A5-81316DE35A34}"
EndProject
Project("{9A19103F-16F7-4668-BE54-9A1E7A4F7556}") = "MVC_2.DAL", "..\..\..\OneDrive\Desktop\Dent\MVC_2.DAL\MVC_2.DAL.csproj", "{BA77DF3D-2E71-4EAD-84FB-101648966084}"
EndProject
Project("{9A19103F-16F7-4668-BE54-9A1E7A4F7556}") = "MVC_2.BLL", "..\..\..\OneDrive\Desktop\Dent\MVC_2.BLL\MVC_2.BLL.csproj", "{54A2FCC7-5942-4693-AE4A-17346AFA20F6}"
EndProject
Global
	GlobalSection(SolutionConfigurationPlatforms) = preSolution
		Debug|Any CPU = Debug|Any CPU
		Release|Any CPU = Release|Any CPU
	EndGlobalSection
	GlobalSection(ProjectConfigurationPlatforms) = postSolution
		{2C2940AF-C095-4994-A0A5-81316DE35A34}.Debug|Any CPU.ActiveCfg = Debug|Any CPU
		{2C2940AF-C095-4994-A0A5-81316DE35A34}.Debug|Any CPU.Build.0 = Debug|Any CPU
		{2C2940AF-C095-4994-A0A5-81316DE35A34}.Release|Any CPU.ActiveCfg = Release|Any CPU
		{2C2940AF-C095-4994-A0A5-81316DE35A34}.Release|Any CPU.Build.0 = Release|Any CPU
		{BA77DF3D-2E71-4EAD-84FB-101648966084}.Debug|Any CPU.ActiveCfg = Debug|Any CPU
		{BA77DF3D-2E71-4EAD-84FB-101648966084}.Debug|Any CPU.Build.0 = Debug|Any CPU
		{BA77DF3D-2E71-4EAD-84FB-101648966084}.Release|Any CPU.ActiveCfg = Release|Any CPU
		{BA77DF3D-2E71-4EAD-84FB-101648966084}.Release|Any CPU.Build.0 = Release|Any CPU
		{54A2FCC7-5942-4693-AE4A-17346AFA20F6}.Debug|Any CPU.ActiveCfg = Debug|Any CPU
		{54A2FCC7-5942-4693-AE4A-17346AFA20F6}.Debug|Any CPU.Build.0 = Debug|Any CPU
		{54A2FCC7-5942-4693-AE4A-17346AFA20F6}.Release|Any CPU.ActiveCfg = Release|Any CPU
		{54A2FCC7-5942-4693-AE4A-17346AFA20F6}.Release|Any CPU.Build.0 = Release|Any CPU
	EndGlobalSection
	GlobalSection(SolutionProperties) = preSolution
		HideSolutionNode = FALSE
	EndGlobalSection
	GlobalSection(ExtensibilityGlobals) = postSolution
		SolutionGuid = {66B01E31-299B-46D0-9C75-3E7F659FC81A}
	EndGlobalSection
EndGlobal
